
Microsoft Visual Studio Solution File, Format Version 12.00
# Visual Studio 15
VisualStudioVersion = 15.0.26730.3
MinimumVisualStudioVersion = 10.0.40219.1
Project("{FAE04EC0-301F-11D3-BF4B-00C04F79EFBC}") = "CybellesCykler", "CybellesCykler\CybellesCykler.csproj", "{8A178F4F-41CD-4561-B211-6B6672F64FE1}"
EndProject
Project("{FAE04EC0-301F-11D3-BF4B-00C04F79EFBC}") = "Entities", "Entities\Entities.csproj", "{51F5CCB6-90C8-43D4-9D8A-E1E5CDD76141}"
EndProject
Project("{FAE04EC0-301F-11D3-BF4B-00C04F79EFBC}") = "Business", "Business\Business.csproj", "{8CC320A2-4B2A-4E6B-856B-A9BFA8720F00}"
EndProject
Project("{FAE04EC0-301F-11D3-BF4B-00C04F79EFBC}") = "Services", "Services\Services.csproj", "{5D7E41F7-DD3C-41A9-AC49-864247E513E9}"
EndProject
Project("{FAE04EC0-301F-11D3-BF4B-00C04F79EFBC}") = "DataAccess", "DataAccess\DataAccess.csproj", "{B6197099-E5B9-451C-B040-663A7BF5870A}"
EndProject
Global
	GlobalSection(SolutionConfigurationPlatforms) = preSolution
		Debug|Any CPU = Debug|Any CPU
		Release|Any CPU = Release|Any CPU
	EndGlobalSection
	GlobalSection(ProjectConfigurationPlatforms) = postSolution
		{8A178F4F-41CD-4561-B211-6B6672F64FE1}.Debug|Any CPU.ActiveCfg = Debug|Any CPU
		{8A178F4F-41CD-4561-B211-6B6672F64FE1}.Debug|Any CPU.Build.0 = Debug|Any CPU
		{8A178F4F-41CD-4561-B211-6B6672F64FE1}.Release|Any CPU.ActiveCfg = Release|Any CPU
		{8A178F4F-41CD-4561-B211-6B6672F64FE1}.Release|Any CPU.Build.0 = Release|Any CPU
		{51F5CCB6-90C8-43D4-9D8A-E1E5CDD76141}.Debug|Any CPU.ActiveCfg = Debug|Any CPU
		{51F5CCB6-90C8-43D4-9D8A-E1E5CDD76141}.Debug|Any CPU.Build.0 = Debug|Any CPU
		{51F5CCB6-90C8-43D4-9D8A-E1E5CDD76141}.Release|Any CPU.ActiveCfg = Release|Any CPU
		{51F5CCB6-90C8-43D4-9D8A-E1E5CDD76141}.Release|Any CPU.Build.0 = Release|Any CPU
		{8CC320A2-4B2A-4E6B-856B-A9BFA8720F00}.Debug|Any CPU.ActiveCfg = Debug|Any CPU
		{8CC320A2-4B2A-4E6B-856B-A9BFA8720F00}.Debug|Any CPU.Build.0 = Debug|Any CPU
		{8CC320A2-4B2A-4E6B-856B-A9BFA8720F00}.Release|Any CPU.ActiveCfg = Release|Any CPU
		{8CC320A2-4B2A-4E6B-856B-A9BFA8720F00}.Release|Any CPU.Build.0 = Release|Any CPU
		{5D7E41F7-DD3C-41A9-AC49-864247E513E9}.Debug|Any CPU.ActiveCfg = Debug|Any CPU
		{5D7E41F7-DD3C-41A9-AC49-864247E513E9}.Debug|Any CPU.Build.0 = Debug|Any CPU
		{5D7E41F7-DD3C-41A9-AC49-864247E513E9}.Release|Any CPU.ActiveCfg = Release|Any CPU
		{5D7E41F7-DD3C-41A9-AC49-864247E513E9}.Release|Any CPU.Build.0 = Release|Any CPU
		{B6197099-E5B9-451C-B040-663A7BF5870A}.Debug|Any CPU.ActiveCfg = Debug|Any CPU
		{B6197099-E5B9-451C-B040-663A7BF5870A}.Debug|Any CPU.Build.0 = Debug|Any CPU
		{B6197099-E5B9-451C-B040-663A7BF5870A}.Release|Any CPU.ActiveCfg = Release|Any CPU
		{B6197099-E5B9-451C-B040-663A7BF5870A}.Release|Any CPU.Build.0 = Release|Any CPU
	EndGlobalSection
	GlobalSection(SolutionProperties) = preSolution
		HideSolutionNode = FALSE
	EndGlobalSection
	GlobalSection(ExtensibilityGlobals) = postSolution
		SolutionGuid = {926BD274-6837-45A8-BB36-65E8AB97C143}
	EndGlobalSection
EndGlobal
